{
  "name": "@shapething/shacl-everything",
  "version": "0.0.1",
  "lockfileVersion": 3,
  "requires": true,
  "packages": {
    "": {
      "name": "@shapething/shacl-everything",
      "version": "0.0.1",
      "license": "GPL-3.0-only",
      "dependencies": {
        "@effect/experimental": "^0.60.0",
        "@rdfjs/environment": "^1.0.0",
        "@rdfjs/namespace": "^2.0.1",
        "@rdfjs/types": "^2.0.1",
        "effect": "^3.21.4",
        "grapoi": "^1.2.0",
        "rdf-data-factory": "^2.0.2",
        "rdf-parse": "^5.0.0",
        "rdf-stores": "^2.2.0",
        "react": "^19.2.7",
        "react-dom": "^19.2.7",
        "shacl-engine": "^1.1.2",
        "string-to-stream": "^3.0.1"
      },
      "devDependencies": {
        "@chromatic-com/storybook": "^5.2.1",
        "@effect/language-service": "^0.86.4",
        "@storybook/addon-a11y": "^10.4.6",
        "@storybook/addon-docs": "^10.4.6",
        "@storybook/addon-vitest": "^10.4.6",
        "@storybook/react-vite": "^10.4.6",
        "@types/node": "^25.6.2",
        "@types/rdfjs__namespace": "^2.0.10",
        "@types/react": "^19.2.17",
        "@typescript/native-preview": "7.0.0-dev.20260509.2",
        "@vitest/browser-playwright": "^4.1.10",
        "@vitest/coverage-v8": "^4.1.10",
        "bumpp": "^11.1.0",
        "eslint-plugin-storybook": "^10.4.6",
        "playwright": "^1.61.1",
        "storybook": "^10.4.6",
        "typescript": "^6.0.3",
        "vite-plus": "^0.1.20",
        "vitest": "^4.1.10"
      }
    },
    "../../node_modules/.pnpm/@chromatic-com+storybook@5.2.1_storybook@10.4.6_@testing-library+dom@10.4.1_@types+reac_854cb87df6db402a51988b70c0aec576/node_modules/@chromatic-com/storybook": {
      "version": "5.2.1",
      "dev": true,
      "license": "MIT",
      "dependencies": {
        "@neoconfetti/react": "^1.0.0",
        "chromatic": "16.10.0",
        "jsonfile": "^6.1.0",
        "strip-ansi": "^7.1.0"
      },
      "devDependencies": {
        "@0no-co/graphqlsp": "^1.12.16",
        "@auto-it/slack": "^11.2.1",
        "@emotion/weak-memoize": "^0.3.1",
        "@graphql-codegen/cli": "^5.0.5",
        "@graphql-typed-document-node/core": "^3.2.0",
        "@parcel/watcher": "^2.4.1",
        "@storybook/addon-designs": "^11.1.1",
        "@storybook/addon-docs": "^10.3.0",
        "@storybook/icons": "^2.0.2",
        "@storybook/react-vite": "^10.3.0",
        "@types/jsonfile": "^6.1.1",
        "@types/node": "^22.13.5",
        "@types/pluralize": "^0.0.29",
        "@types/react": "^18.3.11",
        "@types/react-dom": "^18.3.0",
        "@typescript-eslint/eslint-plugin": "^8.25.0",
        "@typescript-eslint/parser": "^8.25.0",
        "@urql/exchange-auth": "^2.1.6",
        "@vitejs/plugin-react": "^4.3.4",
        "@vitest/coverage-v8": "^3.0.8",
        "auto": "^11.0.5",
        "boxen": "^5.0.1",
        "date-fns": "^2.30.0",
        "dedent": "^0.7.0",
        "eslint": "^9.21.0",
        "eslint-config-prettier": "^10.0.2",
        "eslint-plugin-jest": "^28.11.0",
        "eslint-plugin-prettier": "^5.2.3",
        "eslint-plugin-react-hooks": "^5.0.0",
        "eslint-plugin-simple-import-sort": "^12.1.1",
        "eslint-plugin-storybook": "^10.3.0",
        "graphql": "^16.8.1",
        "msw": "^2.0.0",
        "msw-storybook-addon": "^2.0.6",
        "npm-run-all": "^4.1.5",
        "pluralize": "^8.0.0",
        "polished": "^4.2.2",
        "prettier": "^3.5.3",
        "prompts": "^2.4.2",
        "prop-types": "^15.8.1",
        "react": "^18.3.1",
        "react-dom": "^18.3.1",
        "react-joyride": "^2.7.2",
        "rimraf": "^3.0.2",
        "storybook": "^10.3.0",
        "ts-dedent": "^2.2.0",
        "tsup": "^6.6.3",
        "typescript": "^5.7.3",
        "urql": "^4.0.3",
        "uuid": "^11.1.0",
        "vite": "^6.2.2",
        "vite-plugin-environment": "^1.1.3",
        "vite-plugin-turbosnap": "^1.0.3",
        "vitest": "^3.0.8",
        "zod": "^3.22.2",
        "zx": "^1.14.1"
      },
      "engines": {
        "node": ">=20.0.0",
        "yarn": ">=1.22.18"
      },
      "peerDependencies": {
        "storybook": "^0.0.0-0 || ^10.1.0 || ^10.1.0-0 || ^10.2.0-0 || ^10.3.0-0 || ^10.4.0-0 || ^10.5.0-0 || ^10.6.0-0"
      }
    },
    "../../node_modules/.pnpm/@effect+experimental@0.60.0_@effect+platform@0.96.2_effect@3.21.4__effect@3.21.4/node_modules/@effect/experimental": {
      "version": "0.60.0",
      "license": "MIT",
      "dependencies": {
        "uuid": "^11.0.3"
      },
      "peerDependencies": {
        "@effect/platform": "^0.96.0",
        "effect": "^3.21.0",
        "ioredis": "^5",
        "lmdb": "^3"
      },
      "peerDependenciesMeta": {
        "ioredis": {
          "optional": true
        },
        "lmdb": {
          "optional": true
        }
      }
    },
    "../../node_modules/.pnpm/@effect+language-service@0.86.4/node_modules/@effect/language-service": {
      "version": "0.86.4",
      "dev": true,
      "license": "MIT",
      "bin": {
        "effect-language-service": "cli.js"
      }
    },
    "../../node_modules/.pnpm/@rdfjs+environment@1.0.0/node_modules/@rdfjs/environment": {
      "version": "1.0.0",
      "license": "MIT",
      "devDependencies": {
        "c8": "^8.0.1",
        "mocha": "^10.2.0",
        "stricter-standard": "^0.3.0"
      }
    },
    "../../node_modules/.pnpm/@rdfjs+namespace@2.0.1/node_modules/@rdfjs/namespace": {
      "version": "2.0.1",
      "license": "MIT",
      "dependencies": {
        "@rdfjs/data-model": "^2.0.1"
      },
      "devDependencies": {
        "@rdfjs/environment": "^1.0.0",
        "c8": "^9.1.0",
        "mocha": "^10.3.0",
        "stricter-standard": "^0.3.0"
      }
    },
    "../../node_modules/.pnpm/@rdfjs+types@2.0.1/node_modules/@rdfjs/types": {
      "version": "2.0.1",
      "license": "MIT",
      "dependencies": {
        "@types/node": "*"
      },
      "devDependencies": {
        "@changesets/cli": "^2.27.8",
        "@typescript-eslint/eslint-plugin": "^4.5.0",
        "@typescript-eslint/parser": "^4.5.0",
        "eslint": "^7.12.0",
        "typescript": "^5.7.2"
      }
    },
    "../../node_modules/.pnpm/@storybook+addon-a11y@10.4.6_storybook@10.4.6_@testing-library+dom@10.4.1_@types+react@_c6d66ce71e2a052888a62d8549df24f0/node_modules/@storybook/addon-a11y": {
      "version": "10.4.6",
      "dev": true,
      "license": "MIT",
      "dependencies": {
        "@storybook/global": "^5.0.0",
        "axe-core": "^4.2.0"
      },
      "devDependencies": {
        "@radix-ui/react-tabs": "1.0.4",
        "@storybook/icons": "^2.0.2",
        "@testing-library/react": "^14.0.0",
        "execa": "^9.6.1",
        "react": "^18.2.0",
        "react-dom": "^18.2.0",
        "react-resize-detector": "^7.1.2",
        "typescript": "^5.9.3",
        "vitest-axe": "^0.1.0"
      },
      "funding": {
        "type": "opencollective",
        "url": "https://opencollective.com/storybook"
      },
      "peerDependencies": {
        "storybook": "^10.4.6"
      }
    },
    "../../node_modules/.pnpm/@storybook+addon-docs@10.4.6_@types+react-dom@19.2.3_@types+react@19.2.17__@types+react_96bef8004cf00bd936036829bf5cbacc/node_modules/@storybook/addon-docs": {
      "version": "10.4.6",
      "dev": true,
      "license": "MIT",
      "dependencies": {
        "@mdx-js/react": "^3.0.0",
        "@storybook/csf-plugin": "10.4.6",
        "@storybook/icons": "^2.0.2",
        "@storybook/react-dom-shim": "10.4.6",
        "react": "^16.8.0 || ^17.0.0 || ^18.0.0 || ^19.0.0",
        "react-dom": "^16.8.0 || ^17.0.0 || ^18.0.0 || ^19.0.0",
        "ts-dedent": "^2.0.0"
      },
      "devDependencies": {
        "@mdx-js/mdx": "^3.0.0",
        "@rollup/pluginutils": "^5.0.2",
        "@types/color-convert": "^2.0.0",
        "@types/react": "^16.8.0 || ^17.0.0 || ^18.0.0 || ^19.0.0",
        "color-convert": "^2.0.1",
        "es-toolkit": "^1.43.0",
        "github-slugger": "^2.0.0",
        "markdown-to-jsx": "^7.7.2",
        "memoizerific": "^1.11.3",
        "polished": "^4.2.2",
        "react": "^18.2.0",
        "react-colorful": "^5.1.2",
        "react-dom": "^18.2.0",
        "rehype-external-links": "^3.0.0",
        "rehype-slug": "^6.0.0",
        "telejson": "8.0.0",
        "tocbot": "^4.20.1",
        "typescript": "^5.9.3",
        "vite": "^7.0.4"
      },
      "funding": {
        "type": "opencollective",
        "url": "https://opencollective.com/storybook"
      },
      "peerDependencies": {
        "@types/react": "^16.8.0 || ^17.0.0 || ^18.0.0 || ^19.0.0",
        "storybook": "^10.4.6"
      },
      "peerDependenciesMeta": {
        "@types/react": {
          "optional": true
        }
      }
    },
    "../../node_modules/.pnpm/@storybook+addon-vitest@10.4.6_@vitest+browser-playwright@4.1.10_@vitest+browser@4.1.10_8fdd9b246d7e19d05d7d0a413e6d3fd2/node_modules/@storybook/addon-vitest": {
      "version": "10.4.6",
      "dev": true,
      "license": "MIT",
      "dependencies": {
        "@storybook/global": "^5.0.0",
        "@storybook/icons": "^2.0.2"
      },
      "devDependencies": {
        "@storybook/addon-a11y": "10.4.6",
        "@types/istanbul-lib-report": "^3.0.3",
        "@types/micromatch": "^4.0.0",
        "@types/node": "^22.19.1",
        "@types/semver": "^7.7.1",
        "@vitest/browser-playwright": "^4.1.5",
        "@vitest/runner": "^4.1.5",
        "empathic": "^2.0.0",
        "es-toolkit": "^1.43.0",
        "istanbul-lib-report": "^3.0.1",
        "micromatch": "^4.0.8",
        "pathe": "^1.1.2",
        "picocolors": "^1.1.0",
        "react": "^18.2.0",
        "react-dom": "^18.2.0",
        "semver": "^7.7.3",
        "sirv": "^2.0.4",
        "slash": "^5.0.0",
        "tinyglobby": "^0.2.10",
        "tree-kill": "^1.2.2",
        "ts-dedent": "^2.2.0",
        "typescript": "^5.9.3",
        "vitest": "^4.1.5"
      },
      "funding": {
        "type": "opencollective",
        "url": "https://opencollective.com/storybook"
      },
      "peerDependencies": {
        "@vitest/browser": "^3.0.0 || ^4.0.0",
        "@vitest/browser-playwright": "^4.0.0",
        "@vitest/runner": "^3.0.0 || ^4.0.0",
        "storybook": "^10.4.6",
        "vitest": "^3.0.0 || ^4.0.0"
      },
      "peerDependenciesMeta": {
        "@vitest/browser": {
          "optional": true
        },
        "@vitest/browser-playwright": {
          "optional": true
        },
        "@vitest/runner": {
          "optional": true
        },
        "vitest": {
          "optional": true
        }
      }
    },
    "../../node_modules/.pnpm/@storybook+react-vite@10.4.6_@types+react-dom@19.2.3_@types+react@19.2.17__@types+react_e57bc08a52b251c9a92a0b39667b9737/node_modules/@storybook/react-vite": {
      "version": "10.4.6",
      "dev": true,
      "license": "MIT",
      "dependencies": {
        "@joshwooding/vite-plugin-react-docgen-typescript": "^0.7.0",
        "@rollup/pluginutils": "^5.0.2",
        "@storybook/builder-vite": "10.4.6",
        "@storybook/react": "10.4.6",
        "empathic": "^2.0.0",
        "magic-string": "^0.30.0",
        "react-docgen": "^8.0.0",
        "resolve": "^1.22.8",
        "tsconfig-paths": "^4.2.0"
      },
      "devDependencies": {
        "@types/node": "^22.19.1",
        "typescript": "^5.9.3",
        "vite": "^7.0.4"
      },
      "funding": {
        "type": "opencollective",
        "url": "https://opencollective.com/storybook"
      },
      "peerDependencies": {
        "react": "^16.8.0 || ^17.0.0 || ^18.0.0 || ^19.0.0",
        "react-dom": "^16.8.0 || ^17.0.0 || ^18.0.0 || ^19.0.0",
        "storybook": "^10.4.6",
        "vite": "^5.0.0 || ^6.0.0 || ^7.0.0 || ^8.0.0"
      }
    },
    "../../node_modules/.pnpm/@types+node@25.9.5/node_modules/@types/node": {
      "version": "25.9.5",
      "dev": true,
      "license": "MIT",
      "dependencies": {
        "undici-types": ">=7.24.0 <7.24.7"
      }
    },
    "../../node_modules/.pnpm/@types+rdfjs__namespace@2.0.10/node_modules/@types/rdfjs__namespace": {
      "version": "2.0.10",
      "dev": true,
      "license": "MIT",
      "dependencies": {
        "@rdfjs/types": "*"
      }
    },
    "../../node_modules/.pnpm/@typescript+native-preview@7.0.0-dev.20260509.2/node_modules/@typescript/native-preview": {
      "version": "7.0.0-dev.20260509.2",
      "dev": true,
      "license": "Apache-2.0",
      "bin": {
        "tsgo": "bin/tsgo.js"
      },
      "devDependencies": {
        "@types/node": "^25.5.0",
        "tinybench": "^6.0.0",
        "vscode-jsonrpc": "^9.0.0-next.11"
      },
      "engines": {
        "node": ">=16.20.0"
      },
      "optionalDependencies": {
        "@typescript/native-preview-darwin-arm64": "7.0.0-dev.20260509.2",
        "@typescript/native-preview-darwin-x64": "7.0.0-dev.20260509.2",
        "@typescript/native-preview-linux-arm": "7.0.0-dev.20260509.2",
        "@typescript/native-preview-linux-arm64": "7.0.0-dev.20260509.2",
        "@typescript/native-preview-linux-x64": "7.0.0-dev.20260509.2",
        "@typescript/native-preview-win32-arm64": "7.0.0-dev.20260509.2",
        "@typescript/native-preview-win32-x64": "7.0.0-dev.20260509.2"
      }
    },
    "../../node_modules/.pnpm/@vitest+browser-playwright@4.1.10_playwright@1.61.1_vite@8.1.3_@types+node@25.9.5_esbui_5890f003f7b6de962051593bc35140f9/node_modules/@vitest/browser-playwright": {
      "version": "4.1.10",
      "dev": true,
      "license": "MIT",
      "dependencies": {
        "@vitest/browser": "4.1.10",
        "@vitest/mocker": "4.1.10",
        "tinyrainbow": "^3.1.0"
      },
      "devDependencies": {
        "playwright": "^1.61.0",
        "vitest": "4.1.10"
      },
      "funding": {
        "url": "https://opencollective.com/vitest"
      },
      "peerDependencies": {
        "playwright": "*",
        "vitest": "4.1.10"
      },
      "peerDependenciesMeta": {
        "playwright": {
          "optional": false
        }
      }
    },
    "../../node_modules/.pnpm/@vitest+coverage-v8@4.1.10_@vitest+browser@4.1.10_vitest@4.1.10/node_modules/@vitest/coverage-v8": {
      "version": "4.1.10",
      "dev": true,
      "license": "MIT",
      "dependencies": {
        "@bcoe/v8-coverage": "^1.0.2",
        "@vitest/utils": "4.1.10",
        "ast-v8-to-istanbul": "^1.0.0",
        "istanbul-lib-coverage": "^3.2.2",
        "istanbul-lib-report": "^3.0.1",
        "istanbul-reports": "^3.2.0",
        "magicast": "^0.5.2",
        "obug": "^2.1.1",
        "std-env": "^4.0.0-rc.1",
        "tinyrainbow": "^3.1.0"
      },
      "devDependencies": {
        "@types/istanbul-lib-coverage": "^2.0.6",
        "@types/istanbul-lib-report": "^3.0.3",
        "@types/istanbul-reports": "^3.0.4",
        "@vitest/browser": "4.1.10",
        "@vitest/browser-playwright": "4.1.10",
        "pathe": "^2.0.3",
        "vitest": "4.1.10"
      },
      "funding": {
        "url": "https://opencollective.com/vitest"
      },
      "peerDependencies": {
        "@vitest/browser": "4.1.10",
        "vitest": "4.1.10"
      },
      "peerDependenciesMeta": {
        "@vitest/browser": {
          "optional": true
        }
      }
    },
    "../../node_modules/.pnpm/bumpp@11.1.0/node_modules/bumpp": {
      "version": "11.1.0",
      "dev": true,
      "license": "MIT",
      "dependencies": {
        "args-tokenizer": "^0.3.0",
        "cac": "^7.0.0",
        "jsonc-parser": "^3.3.1",
        "package-manager-detector": "^1.6.0",
        "semver": "^7.7.4",
        "tinyexec": "^1.1.2",
        "tinyglobby": "^0.2.16",
        "unconfig": "^7.5.0",
        "yaml": "^2.8.4"
      },
      "bin": {
        "bumpp": "bin/bumpp.mjs"
      },
      "devDependencies": {
        "@antfu/eslint-config": "^8.2.0",
        "@types/node": "^25.6.0",
        "@types/prompts": "^2.4.9",
        "@types/semver": "^7.7.1",
        "@typescript/native-preview": "7.0.0-dev.20260314.1",
        "baseline-browser-mapping": "^2.10.27",
        "eslint": "^10.3.0",
        "premove": "^4.0.0",
        "prompts": "^2.4.2",
        "tiny-conventional-commits-parser": "^0.1.0",
        "tsdown": "^0.21.10",
        "tsx": "^4.21.0",
        "typescript": "^6.0.3",
        "vitest": "^4.1.5"
      },
      "engines": {
        "node": ">=20.19.0"
      }
    },
    "../../node_modules/.pnpm/effect@3.21.4/node_modules/effect": {
      "version": "3.21.4",
      "license": "MIT",
      "dependencies": {
        "@standard-schema/spec": "^1.0.0",
        "fast-check": "^3.23.1"
      }
    },
    "../../node_modules/.pnpm/eslint-plugin-storybook@10.4.6_eslint@10.6.0_jiti@2.7.0__storybook@10.4.6_@testing-libr_a33b52ace1ed3929d5fa80eb827c2a56/node_modules/eslint-plugin-storybook": {
      "version": "10.4.6",
      "dev": true,
      "license": "MIT",
      "dependencies": {
        "@typescript-eslint/utils": "^8.48.0"
      },
      "devDependencies": {
        "@types/eslint": "^8.56.2",
        "@types/node": "^22.19.1",
        "@types/prompts": "^2.0.9",
        "@typescript-eslint/eslint-plugin": "^8.48.0",
        "@typescript-eslint/parser": "^8.48.0",
        "@typescript-eslint/rule-tester": "^8.48.0",
        "@vitest/coverage-v8": "^3.2.4",
        "eslint": "^8.57.1",
        "eslint-plugin-eslint-plugin": "^6.5.0",
        "eslint-plugin-node": "^11.1.0",
        "oxfmt": "^0.41.0",
        "prompts": "^2.4.0",
        "ts-dedent": "^2.0.0",
        "typescript": "^5.9.3"
      },
      "peerDependencies": {
        "eslint": ">=8",
        "storybook": "^10.4.6"
      }
    },
    "../../node_modules/.pnpm/grapoi@1.2.0/node_modules/grapoi": {
      "version": "1.2.0",
      "license": "MIT",
      "dependencies": {
        "@rdfjs/namespace": "^2.0.0",
        "@rdfjs/term-set": "^2.0.0"
      },
      "devDependencies": {
        "@rdfjs/data-model": "^2.0.0",
        "@rdfjs/dataset": "^2.0.0",
        "@rdfjs/environment": "^1.0.0",
        "@rdfjs/term-map": "^2.0.0",
        "c8": "^11.0.0",
        "housemd": "^0.1.0",
        "mocha": "^11.0.1",
        "rdf-test": "^0.1.0",
        "stricter-standard": "^0.3.1"
      }
    },
    "../../node_modules/.pnpm/playwright@1.61.1/node_modules/playwright": {
      "version": "1.61.1",
      "dev": true,
      "license": "Apache-2.0",
      "dependencies": {
        "playwright-core": "1.61.1"
      },
      "bin": {
        "playwright": "cli.js"
      },
      "engines": {
        "node": ">=18"
      },
      "optionalDependencies": {
        "fsevents": "2.3.2"
      }
    },
    "../../node_modules/.pnpm/rdf-data-factory@2.0.2/node_modules/rdf-data-factory": {
      "version": "2.0.2",
      "license": "MIT",
      "dependencies": {
        "@rdfjs/types": "^2.0.0"
      },
      "devDependencies": {
        "@rubensworks/eslint-config": "^1.0.0",
        "@types/jest": "^29.0.0",
        "@typescript-eslint/eslint-plugin": "^5.0.0",
        "@typescript-eslint/parser": "^5.0.0",
        "coveralls": "^3.0.0",
        "eslint": "^7.9.0",
        "eslint-config-es": "^3.23.0",
        "eslint-import-resolver-typescript": "^2.3.0",
        "eslint-plugin-import": "^2.22.0",
        "eslint-plugin-jest": "^24.0.2",
        "eslint-plugin-tsdoc": "^0.2.7",
        "eslint-plugin-unused-imports": "^1.0.0",
        "jest": "^29.0.0",
        "jest-rdf": "^1.5.0",
        "manual-git-changelog": "^1.0.0",
        "pre-commit": "^1.2.2",
        "ts-jest": "^29.0.0",
        "typescript": "^5.7.2"
      },
      "funding": {
        "type": "individual",
        "url": "https://github.com/sponsors/rubensworks/"
      }
    },
    "../../node_modules/.pnpm/rdf-parse@5.0.0/node_modules/rdf-parse": {
      "version": "5.0.0",
      "license": "MIT",
      "dependencies": {
        "@comunica/actor-http-fetch": "^5.0.0",
        "@comunica/actor-http-proxy": "^5.0.0",
        "@comunica/actor-rdf-parse-html": "^5.0.0",
        "@comunica/actor-rdf-parse-html-microdata": "^5.0.0",
        "@comunica/actor-rdf-parse-html-rdfa": "^5.0.0",
        "@comunica/actor-rdf-parse-html-script": "^5.0.0",
        "@comunica/actor-rdf-parse-jsonld": "^5.0.0",
        "@comunica/actor-rdf-parse-n3": "^5.0.0",
        "@comunica/actor-rdf-parse-rdfxml": "^5.0.0",
        "@comunica/actor-rdf-parse-shaclc": "^5.0.0",
        "@comunica/actor-rdf-parse-xml-rdfa": "^5.0.0",
        "@comunica/bus-http": "^5.0.0",
        "@comunica/bus-init": "^5.0.0",
        "@comunica/bus-rdf-parse": "^5.0.0",
        "@comunica/bus-rdf-parse-html": "^5.0.0",
        "@comunica/config-query-sparql": "^5.0.0",
        "@comunica/context-entries": "^5.0.0",
        "@comunica/core": "^5.0.0",
        "@comunica/mediator-combine-pipeline": "^5.0.0",
        "@comunica/mediator-combine-union": "^5.0.0",
        "@comunica/mediator-number": "^5.0.0",
        "@comunica/mediator-race": "^5.0.0",
        "@rdfjs/types": "*",
        "rdf-data-factory": "^2.0.2",
        "readable-stream": "^4.7.0",
        "stream-to-string": "^1.2.1"
      },
      "devDependencies": {
        "@comunica/runner": "^5.0.0",
        "@types/jest": "^29.0.0",
        "arrayify-stream": "^1.0.0",
        "componentsjs-generator": "^4.2.0",
        "jest": "^30.0.0",
        "jest-rdf": "^2.0.0",
        "manual-git-changelog": "^1.0.1",
        "pre-commit": "^1.2.2",
        "rdf-dereference": "^2.1.0",
        "rdf-quad": "^2.0.0",
        "rdf-test-suite": "^2.1.4",
        "streamify-string": "^1.0.1",
        "ts-jest": "^29.0.0",
        "ts-node": "^10.9.1",
        "tslint": "^6.0.0",
        "tslint-eslint-rules": "^5.3.1",
        "typescript": "^5.9.3"
      },
      "funding": {
        "type": "individual",
        "url": "https://github.com/sponsors/rubensworks/"
      }
    },
    "../../node_modules/.pnpm/rdf-stores@2.2.0/node_modules/rdf-stores": {
      "version": "2.2.0",
      "license": "MIT",
      "dependencies": {
        "asynciterator": "^3.8.0",
        "rdf-data-factory": "^2.0.1",
        "rdf-string": "^2.0.0",
        "rdf-terms": "^2.0.0"
      },
      "devDependencies": {
        "@codspeed/tinybench-plugin": "^3.1.0",
        "@comunica/utils-bindings-factory": "^5.0.0",
        "@comunica/utils-jest": "^5.0.0",
        "@rubensworks/eslint-config": "^1.0.0",
        "@types/jest": "^30.0.0",
        "@types/n3": "^1.10.4",
        "@typescript-eslint/eslint-plugin": "^5.0.0",
        "@typescript-eslint/parser": "^5.0.0",
        "arrayify-stream": "^2.0.1",
        "coveralls": "^3.0.0",
        "eslint": "^7.9.0",
        "eslint-config-es": "^3.23.0",
        "eslint-import-resolver-typescript": "^2.3.0",
        "eslint-plugin-import": "^2.22.0",
        "eslint-plugin-jest": "^24.0.2",
        "eslint-plugin-tsdoc": "^0.2.7",
        "eslint-plugin-unused-imports": "^1.0.0",
        "jest": "^30.2.0",
        "jest-each": "^30.2.0",
        "jest-rdf": "^2.0.0",
        "manual-git-changelog": "^1.0.0",
        "n3": "^2.0.0",
        "pre-commit": "^1.2.2",
        "streamify-array": "^1.0.1",
        "tinybench": "^2.8.0",
        "ts-jest": "^29.0.0",
        "typescript": "5.9.3",
        "yargs": "^18.0.0"
      },
      "funding": {
        "type": "individual",
        "url": "https://github.com/sponsors/rubensworks/"
      }
    },
    "../../node_modules/.pnpm/react-dom@19.2.7_react@19.2.7/node_modules/react-dom": {
      "version": "19.2.7",
      "license": "MIT",
      "dependencies": {
        "scheduler": "^0.27.0"
      },
      "peerDependencies": {
        "react": "^19.2.7"
      }
    },
    "../../node_modules/.pnpm/react@19.2.7/node_modules/react": {
      "version": "19.2.7",
      "license": "MIT",
      "engines": {
        "node": ">=0.10.0"
      }
    },
    "../../node_modules/.pnpm/shacl-engine@1.1.2/node_modules/shacl-engine": {
      "version": "1.1.2",
      "license": "MIT",
      "dependencies": {
        "@comunica/query-sparql-rdfjs-lite": "^5.2.3",
        "@comunica/utils-bindings-factory": "^5.2.3",
        "@rdfjs/namespace": "^2.0.0",
        "@rdfjs/term-map": "^2.0.0",
        "@rdfjs/term-set": "^2.0.1",
        "@rdfjs/to-ntriples": "^3.0.1",
        "grapoi": "^1.1.1",
        "lodash": "^4.17.21",
        "rdf-literal": "^2.0.0",
        "rdf-validation": "^0.1.0",
        "readable-stream": "^4.5.1"
      },
      "devDependencies": {
        "@rdfjs/data-model": "^2.0.1",
        "@rdfjs/dataset": "^2.0.1",
        "@rdfjs/environment": "^1.0.0",
        "@rdfjs/normalize": "^2.0.0",
        "@rdfjs/parser-n3": "^2.0.1",
        "@rdfjs/traverser": "^0.1.1",
        "c8": "^11.0.0",
        "mocha": "^11.0.1",
        "rdf-test": "^0.1.0",
        "rdf-utils-fs": "^3.0.0",
        "stream-chunks": "^1.0.0",
        "stricter-standard": "^0.3.1"
      }
    },
    "../../node_modules/.pnpm/storybook@10.4.6_@testing-library+dom@10.4.1_@types+react@19.2.17_prettier@3.9.4_react@_a5f940d17b4315d67e4b598a551f6dab/node_modules/storybook": {
      "version": "10.4.6",
      "dev": true,
      "license": "MIT",
      "dependencies": {
        "@storybook/global": "^5.0.0",
        "@storybook/icons": "^2.0.2",
        "@testing-library/jest-dom": "^6.9.1",
        "@testing-library/user-event": "^14.6.1",
        "@vitest/expect": "3.2.4",
        "@vitest/spy": "3.2.4",
        "@webcontainer/env": "^1.1.1",
        "esbuild": "^0.18.0 || ^0.19.0 || ^0.20.0 || ^0.21.0 || ^0.22.0 || ^0.23.0 || ^0.24.0 || ^0.25.0 || ^0.26.0 || ^0.27.0 || ^0.28.0",
        "open": "^10.2.0",
        "oxc-parser": "^0.127.0",
        "oxc-resolver": "^11.19.1",
        "recast": "^0.23.5",
        "semver": "^7.7.3",
        "use-sync-external-store": "^1.5.0",
        "ws": "^8.18.0"
      },
      "bin": {
        "storybook": "dist/bin/dispatcher.js"
      },
      "devDependencies": {
        "@aw-web-design/x-default-browser": "1.4.126",
        "@babel/core": "^7.28.5",
        "@babel/generator": "^7.28.5",
        "@babel/parser": "^7.28.5",
        "@babel/traverse": "^7.28.5",
        "@babel/types": "^7.28.5",
        "@clack/prompts": "1.0.0-alpha.7",
        "@devtools-ds/object-inspector": "^1.1.2",
        "@discoveryjs/json-ext": "^0.5.3",
        "@emotion/cache": "^11.14.0",
        "@emotion/is-prop-valid": "^1.3.1",
        "@emotion/react": "^11.14.0",
        "@emotion/styled": "^11.14.0",
        "@fal-works/esbuild-plugin-global-externals": "^2.1.2",
        "@happy-dom/global-registrator": "^20.0.11",
        "@ngard/tiny-isequal": "^1.1.0",
        "@polka/compression": "^1.0.0-next.28",
        "@radix-ui/react-scroll-area": "1.2.0-rc.7",
        "@radix-ui/react-slot": "^1.0.2",
        "@react-aria/interactions": "^3.25.5",
        "@react-aria/landmark": "^3.0.8",
        "@react-aria/live-announcer": "^3.4.4",
        "@react-aria/overlays": "^3.29.1",
        "@react-aria/tabs": "^3.10.7",
        "@react-aria/toolbar": "3.0.0-beta.20",
        "@react-aria/utils": "^3.30.1",
        "@react-stately/overlays": "^3.6.19",
        "@react-stately/tabs": "^3.8.5",
        "@react-types/shared": "^3.32.0",
        "@rolldown/pluginutils": "1.0.0-beta.18",
        "@tanstack/react-virtual": "^3.3.0",
        "@testing-library/dom": "^10.4.1",
        "@testing-library/react": "^14.0.0",
        "@types/cross-spawn": "^6.0.6",
        "@types/detect-port": "^1.3.0",
        "@types/diff": "^5.0.9",
        "@types/ejs": "^3.1.1",
        "@types/js-yaml": "^4.0.5",
        "@types/node": "^22.19.1",
        "@types/npmlog": "^7.0.0",
        "@types/picomatch": "^2.3.0",
        "@types/prettier": "^3.0.0",
        "@types/pretty-hrtime": "^1.0.0",
        "@types/prompts": "^2.0.9",
        "@types/react-syntax-highlighter": "11.0.5",
        "@types/semver": "^7.7.1",
        "@types/ws": "^8",
        "@vitest/mocker": "3.2.4",
        "@vitest/utils": "^3.2.4",
        "@yarnpkg/fslib": "2.10.3",
        "@yarnpkg/libzip": "2.3.0",
        "acorn": "^8.15.0",
        "acorn-jsx": "^5.3.2",
        "ansi-to-html": "^0.7.2",
        "browser-dtector": "^3.4.0",
        "bundle-require": "^5.1.0",
        "camelcase": "^9.0.0",
        "chai": "^5.1.1",
        "commander": "^14.0.2",
        "comment-parser": "^1.4.1",
        "copy-to-clipboard": "^3.3.1",
        "cross-spawn": "^7.0.6",
        "deep-object-diff": "^1.1.0",
        "dequal": "^2.0.2",
        "detect-indent": "^7.0.1",
        "detect-port": "^1.6.1",
        "diff": "^8.0.2",
        "downshift": "^9.0.4",
        "ejs": "^3.1.10",
        "empathic": "^2.0.0",
        "es-toolkit": "^1.43.0",
        "esbuild": "^0.18.0 || ^0.19.0 || ^0.20.0 || ^0.21.0 || ^0.22.0 || ^0.23.0 || ^0.24.0 || ^0.25.0 || ^0.26.0 || ^0.27.0 || ^0.28.0",
        "execa": "^9.6.1",
        "exsolve": "^1.0.7",
        "extend-to-be-announced": "^2.0.0",
        "fetch-retry": "^6.0.0",
        "flush-promises": "^1.0.2",
        "fuse.js": "^3.6.1",
        "get-npm-tarball-url": "^2.1.0",
        "glob": "^10.5.0",
        "globby": "^14.1.0",
        "hast-util-to-estree": "^3.0.0",
        "host-validation-middleware": "^0.1.2",
        "jiti": "^2.6.1",
        "js-yaml": "^4.1.0",
        "jsdoc-type-pratt-parser": "^4.0.0",
        "launch-editor": "^2.13.2",
        "lazy-universal-dotenv": "^4.0.0",
        "leven": "^4.0.0",
        "mdast-util-from-markdown": "^2.0.0",
        "mdast-util-mdx": "^3.0.0",
        "mdast-util-mdx-jsx": "^3.2.0",
        "memfs": "^4.11.1",
        "memoizerific": "^1.11.3",
        "micromark-extension-mdxjs": "^3.0.0",
        "modern-tar": "^0.5.5",
        "nanoid": "^4.0.2",
        "npmlog": "^7.0.0",
        "p-limit": "^7.2.0",
        "package-manager-detector": "^1.1.0",
        "picocolors": "^1.1.0",
        "picomatch": "^2.3.0",
        "picoquery": "^1.4.0",
        "polished": "^4.2.2",
        "polka": "^1.0.0-next.28",
        "prettier": "^3.7.1",
        "pretty-hrtime": "^1.0.3",
        "qrcode.react": "^4.2.0",
        "react": "^18.2.0",
        "react-aria-components": "patch:react-aria-components@npm%3A1.12.2#~/.yarn/patches/react-aria-components-npm-1.12.2-6c5dcdafab.patch",
        "react-dom": "^18.2.0",
        "react-helmet-async": "^1.3.0",
        "react-inspector": "^6.0.0",
        "react-router-dom": "6.15.0",
        "react-syntax-highlighter": "^15.4.5",
        "react-textarea-autosize": "^8.3.0",
        "react-transition-state": "^2.3.1",
        "require-from-string": "^2.0.2",
        "resolve": "^1.22.11",
        "resolve.exports": "^2.0.3",
        "sirv": "^2.0.4",
        "slash": "^5.0.0",
        "source-map": "^0.7.4",
        "std-env": "^4.0.0",
        "store2": "^2.14.2",
        "strip-ansi": "^7.1.0",
        "strip-json-comments": "^5.0.1",
        "telejson": "8.0.0",
        "tiny-invariant": "^1.3.1",
        "tinyspy": "^3.0.2",
        "ts-dedent": "^2.0.0",
        "tsconfig-paths": "^4.2.0",
        "type-fest": "^5.6.0",
        "typescript": "^5.8.3",
        "unique-string": "^3.0.0",
        "use-resize-observer": "^9.1.0",
        "watchpack": "^2.5.0",
        "wrap-ansi": "^9.0.2",
        "zod": "^3.25.76"
      },
      "funding": {
        "type": "opencollective",
        "url": "https://opencollective.com/storybook"
      },
      "peerDependencies": {
        "@types/react": "^16.8.0 || ^17.0.0 || ^18.0.0 || ^19.0.0",
        "prettier": "^2 || ^3",
        "vite-plus": "^0.1.15"
      },
      "peerDependenciesMeta": {
        "@types/react": {
          "optional": true
        },
        "prettier": {
          "optional": true
        },
        "vite-plus": {
          "optional": true
        }
      }
    },
    "../../node_modules/.pnpm/string-to-stream@3.0.1/node_modules/string-to-stream": {
      "version": "3.0.1",
      "license": "MIT",
      "dependencies": {
        "readable-stream": "^3.4.0"
      },
      "devDependencies": {
        "concat-stream": "^2.0.0",
        "standard": "*",
        "tape": "^4.0.0"
      }
    },
    "../../node_modules/.pnpm/typescript@6.0.3/node_modules/typescript": {
      "version": "6.0.3",
      "dev": true,
      "license": "Apache-2.0",
      "bin": {
        "tsc": "bin/tsc",
        "tsserver": "bin/tsserver"
      },
      "devDependencies": {
        "@dprint/formatter": "^0.4.1",
        "@dprint/typescript": "0.93.4",
        "@esfx/canceltoken": "^1.0.0",
        "@eslint/js": "^10.0.1",
        "@octokit/rest": "^22.0.1",
        "@types/chai": "^4.3.20",
        "@types/minimist": "^1.2.5",
        "@types/mocha": "^10.0.10",
        "@types/ms": "^2.1.0",
        "@types/node": "latest",
        "@types/source-map-support": "^0.5.10",
        "@types/which": "^3.0.4",
        "@typescript-eslint/rule-tester": "^8.56.1",
        "@typescript-eslint/type-utils": "^8.56.1",
        "@typescript-eslint/utils": "^8.56.1",
        "azure-devops-node-api": "^15.1.3",
        "c8": "^10.1.3",
        "chai": "^4.5.0",
        "chokidar": "^4.0.3",
        "diff": "^8.0.3",
        "dprint": "^0.49.1",
        "esbuild": "^0.27.3",
        "eslint": "^10.0.2",
        "eslint-plugin-regexp": "^3.0.0",
        "fast-xml-parser": "^5.4.1",
        "glob": "^10.5.0",
        "globals": "^17.4.0",
        "hereby": "^1.12.0",
        "jsonc-parser": "^3.3.1",
        "knip": "^5.85.0",
        "minimist": "^1.2.8",
        "mocha": "^10.8.2",
        "mocha-fivemat-progress-reporter": "^0.1.0",
        "monocart-coverage-reports": "^2.12.9",
        "ms": "^2.1.3",
        "picocolors": "^1.1.1",
        "playwright": "^1.58.2",
        "source-map-support": "^0.5.21",
        "tslib": "^2.8.1",
        "typescript": "^5.9.3",
        "typescript-eslint": "^8.56.1",
        "which": "^3.0.1"
      },
      "engines": {
        "node": ">=14.17"
      }
    },
    "../../node_modules/.pnpm/vite-plus@0.1.24_@types+node@25.9.5_@vitest+coverage-v8@4.1.10_esbuild@0.28.1_jiti@2.7._2ae071046155186aba0835642cf56462/node_modules/vite-plus": {
      "version": "0.1.24",
      "dev": true,
      "license": "MIT",
      "dependencies": {
        "@oxc-project/types": "=0.133.0",
        "@oxlint/plugins": "=1.61.0",
        "@voidzero-dev/vite-plus-core": "0.1.24",
        "@voidzero-dev/vite-plus-test": "0.1.24",
        "oxfmt": "=0.52.0",
        "oxlint": "=1.67.0",
        "oxlint-tsgolint": "=0.23.0"
      },
      "bin": {
        "oxfmt": "bin/oxfmt",
        "oxlint": "bin/oxlint",
        "vp": "bin/vp"
      },
      "devDependencies": {
        "@napi-rs/cli": "^3.6.1",
        "@nkzw/safe-word-list": "^3.1.0",
        "@oxc-node/core": "^0.1.0",
        "@types/cross-spawn": "^6.0.6",
        "@types/semver": "^7.7.1",
        "@types/validate-npm-package-name": "^4.0.2",
        "@voidzero-dev/vite-plus-prompts": "0.0.0",
        "@voidzero-dev/vite-plus-tools": "0.0.0",
        "cac": "^7.0.0",
        "cross-spawn": "^7.0.5",
        "detect-indent": "^7.0.2",
        "detect-newline": "^4.0.1",
        "glob": "^13.0.0",
        "jsonc-parser": "^3.3.1",
        "lint-staged": "^16.2.6",
        "minimatch": "^10.0.3",
        "mri": "^1.2.0",
        "nanotar": "^0.3.0",
        "picocolors": "^1.1.1",
        "rolldown-plugin-dts": "^0.25.1",
        "semver": "^7.8.0",
        "tsdown": "^0.22.1",
        "validate-npm-package-name": "^7.0.2",
        "vite": "npm:@voidzero-dev/vite-plus-core@0.1.24",
        "yaml": "^2.8.1"
      },
      "engines": {
        "node": "^20.19.0 || >=22.12.0"
      },
      "optionalDependencies": {
        "@voidzero-dev/vite-plus-darwin-arm64": "0.1.24",
        "@voidzero-dev/vite-plus-darwin-x64": "0.1.24",
        "@voidzero-dev/vite-plus-linux-arm64-gnu": "0.1.24",
        "@voidzero-dev/vite-plus-linux-arm64-musl": "0.1.24",
        "@voidzero-dev/vite-plus-linux-x64-gnu": "0.1.24",
        "@voidzero-dev/vite-plus-linux-x64-musl": "0.1.24",
        "@voidzero-dev/vite-plus-win32-arm64-msvc": "0.1.24",
        "@voidzero-dev/vite-plus-win32-x64-msvc": "0.1.24"
      }
    },
    "../../node_modules/.pnpm/vitest@4.1.10_@types+node@25.9.5_@vitest+browser-playwright@4.1.10_@vitest+coverage-v8@_48c52312c8e8455d5614a9db9198c770/node_modules/vitest": {
      "version": "4.1.10",
      "dev": true,
      "license": "MIT",
      "dependencies": {
        "@vitest/expect": "4.1.10",
        "@vitest/mocker": "4.1.10",
        "@vitest/pretty-format": "4.1.10",
        "@vitest/runner": "4.1.10",
        "@vitest/snapshot": "4.1.10",
        "@vitest/spy": "4.1.10",
        "@vitest/utils": "4.1.10",
        "es-module-lexer": "^2.0.0",
        "expect-type": "^1.3.0",
        "magic-string": "^0.30.21",
        "obug": "^2.1.1",
        "pathe": "^2.0.3",
        "picomatch": "^4.0.3",
        "std-env": "^4.0.0-rc.1",
        "tinybench": "^2.9.0",
        "tinyexec": "^1.0.2",
        "tinyglobby": "^0.2.15",
        "tinyrainbow": "^3.1.0",
        "vite": "^6.0.0 || ^7.0.0 || ^8.0.0",
        "why-is-node-running": "^2.3.0"
      },
      "bin": {
        "vitest": "vitest.mjs"
      },
      "devDependencies": {
        "@antfu/install-pkg": "^1.1.0",
        "@bomb.sh/tab": "^0.0.14",
        "@edge-runtime/vm": "^5.0.0",
        "@jridgewell/trace-mapping": "0.3.31",
        "@opentelemetry/api": "^1.9.0",
        "@sinonjs/fake-timers": "15.0.0",
        "@types/estree": "^1.0.8",
        "@types/istanbul-lib-coverage": "^2.0.6",
        "@types/istanbul-reports": "^3.0.4",
        "@types/jsdom": "^27.0.0",
        "@types/node": "^24.12.0",
        "@types/picomatch": "^4.0.2",
        "@types/prompts": "^2.4.9",
        "@types/sinonjs__fake-timers": "^15.0.1",
        "acorn": "8.11.3",
        "acorn-walk": "^8.3.5",
        "birpc": "^4.0.0",
        "cac": "^6.7.14",
        "empathic": "^2.0.0",
        "flatted": "^3.4.2",
        "happy-dom": "^20.8.3",
        "jsdom": "^27.4.0",
        "local-pkg": "^1.1.2",
        "mime": "^4.1.0",
        "prompts": "^2.4.2",
        "strip-literal": "^3.1.0",
        "tinyhighlight": "^0.3.2",
        "ws": "^8.19.0"
      },
      "engines": {
        "node": "^20.0.0 || ^22.0.0 || >=24.0.0"
      },
      "funding": {
        "url": "https://opencollective.com/vitest"
      },
      "peerDependencies": {
        "@edge-runtime/vm": "*",
        "@opentelemetry/api": "^1.9.0",
        "@types/node": "^20.0.0 || ^22.0.0 || >=24.0.0",
        "@vitest/browser-playwright": "4.1.10",
        "@vitest/browser-preview": "4.1.10",
        "@vitest/browser-webdriverio": "4.1.10",
        "@vitest/coverage-istanbul": "4.1.10",
        "@vitest/coverage-v8": "4.1.10",
        "@vitest/ui": "4.1.10",
        "happy-dom": "*",
        "jsdom": "*",
        "vite": "^6.0.0 || ^7.0.0 || ^8.0.0"
      },
      "peerDependenciesMeta": {
        "@edge-runtime/vm": {
          "optional": true
        },
        "@opentelemetry/api": {
          "optional": true
        },
        "@types/node": {
          "optional": true
        },
        "@vitest/browser-playwright": {
          "optional": true
        },
        "@vitest/browser-preview": {
          "optional": true
        },
        "@vitest/browser-webdriverio": {
          "optional": true
        },
        "@vitest/coverage-istanbul": {
          "optional": true
        },
        "@vitest/coverage-v8": {
          "optional": true
        },
        "@vitest/ui": {
          "optional": true
        },
        "happy-dom": {
          "optional": true
        },
        "jsdom": {
          "optional": true
        },
        "vite": {
          "optional": false
        }
      }
    },
    "node_modules/@chromatic-com/storybook": {
      "resolved": "../../node_modules/.pnpm/@chromatic-com+storybook@5.2.1_storybook@10.4.6_@testing-library+dom@10.4.1_@types+reac_854cb87df6db402a51988b70c0aec576/node_modules/@chromatic-com/storybook",
      "link": true
    },
    "node_modules/@effect/experimental": {
      "resolved": "../../node_modules/.pnpm/@effect+experimental@0.60.0_@effect+platform@0.96.2_effect@3.21.4__effect@3.21.4/node_modules/@effect/experimental",
      "link": true
    },
    "node_modules/@effect/language-service": {
      "resolved": "../../node_modules/.pnpm/@effect+language-service@0.86.4/node_modules/@effect/language-service",
      "link": true
    },
    "node_modules/@rdfjs/environment": {
      "resolved": "../../node_modules/.pnpm/@rdfjs+environment@1.0.0/node_modules/@rdfjs/environment",
      "link": true
    },
    "node_modules/@rdfjs/namespace": {
      "resolved": "../../node_modules/.pnpm/@rdfjs+namespace@2.0.1/node_modules/@rdfjs/namespace",
      "link": true
    },
    "node_modules/@rdfjs/types": {
      "resolved": "../../node_modules/.pnpm/@rdfjs+types@2.0.1/node_modules/@rdfjs/types",
      "link": true
    },
    "node_modules/@storybook/addon-a11y": {
      "resolved": "../../node_modules/.pnpm/@storybook+addon-a11y@10.4.6_storybook@10.4.6_@testing-library+dom@10.4.1_@types+react@_c6d66ce71e2a052888a62d8549df24f0/node_modules/@storybook/addon-a11y",
      "link": true
    },
    "node_modules/@storybook/addon-docs": {
      "resolved": "../../node_modules/.pnpm/@storybook+addon-docs@10.4.6_@types+react-dom@19.2.3_@types+react@19.2.17__@types+react_96bef8004cf00bd936036829bf5cbacc/node_modules/@storybook/addon-docs",
      "link": true
    },
    "node_modules/@storybook/addon-vitest": {
      "resolved": "../../node_modules/.pnpm/@storybook+addon-vitest@10.4.6_@vitest+browser-playwright@4.1.10_@vitest+browser@4.1.10_8fdd9b246d7e19d05d7d0a413e6d3fd2/node_modules/@storybook/addon-vitest",
      "link": true
    },
    "node_modules/@storybook/react-vite": {
      "resolved": "../../node_modules/.pnpm/@storybook+react-vite@10.4.6_@types+react-dom@19.2.3_@types+react@19.2.17__@types+react_e57bc08a52b251c9a92a0b39667b9737/node_modules/@storybook/react-vite",
      "link": true
    },
    "node_modules/@types/node": {
      "resolved": "../../node_modules/.pnpm/@types+node@25.9.5/node_modules/@types/node",
      "link": true
    },
    "node_modules/@types/rdfjs__namespace": {
      "resolved": "../../node_modules/.pnpm/@types+rdfjs__namespace@2.0.10/node_modules/@types/rdfjs__namespace",
      "link": true
    },
    "node_modules/@types/react": {
      "version": "19.2.17",
      "resolved": "https://registry.npmjs.org/@types/react/-/react-19.2.17.tgz",
      "integrity": "sha512-MXfmqaVPEVgkBT/aY0aGCkRWWtByiYQXo3xdQ8r5RzuFrPiRn8Gar2tQdXSUQ2GKV3bkXckek89V8wQBY2Q/Aw==",
      "dev": true,
      "license": "MIT",
      "dependencies": {
        "csstype": "^3.2.2"
      }
    },
    "node_modules/@typescript/native-preview": {
      "resolved": "../../node_modules/.pnpm/@typescript+native-preview@7.0.0-dev.20260509.2/node_modules/@typescript/native-preview",
      "link": true
    },
    "node_modules/@vitest/browser-playwright": {
      "resolved": "../../node_modules/.pnpm/@vitest+browser-playwright@4.1.10_playwright@1.61.1_vite@8.1.3_@types+node@25.9.5_esbui_5890f003f7b6de962051593bc35140f9/node_modules/@vitest/browser-playwright",
      "link": true
    },
    "node_modules/@vitest/coverage-v8": {
      "resolved": "../../node_modules/.pnpm/@vitest+coverage-v8@4.1.10_@vitest+browser@4.1.10_vitest@4.1.10/node_modules/@vitest/coverage-v8",
      "link": true
    },
    "node_modules/bumpp": {
      "resolved": "../../node_modules/.pnpm/bumpp@11.1.0/node_modules/bumpp",
      "link": true
    },
    "node_modules/csstype": {
      "version": "3.2.3",
      "resolved": "https://registry.npmjs.org/csstype/-/csstype-3.2.3.tgz",
      "integrity": "sha512-z1HGKcYy2xA8AGQfwrn0PAy+PB7X/GSj3UVJW9qKyn43xWa+gl5nXmU4qqLMRzWVLFC8KusUX8T/0kCiOYpAIQ==",
      "dev": true,
      "license": "MIT"
    },
    "node_modules/effect": {
      "resolved": "../../node_modules/.pnpm/effect@3.21.4/node_modules/effect",
      "link": true
    },
    "node_modules/eslint-plugin-storybook": {
      "resolved": "../../node_modules/.pnpm/eslint-plugin-storybook@10.4.6_eslint@10.6.0_jiti@2.7.0__storybook@10.4.6_@testing-libr_a33b52ace1ed3929d5fa80eb827c2a56/node_modules/eslint-plugin-storybook",
      "link": true
    },
    "node_modules/grapoi": {
      "resolved": "../../node_modules/.pnpm/grapoi@1.2.0/node_modules/grapoi",
      "link": true
    },
    "node_modules/playwright": {
      "resolved": "../../node_modules/.pnpm/playwright@1.61.1/node_modules/playwright",
      "link": true
    },
    "node_modules/rdf-data-factory": {
      "resolved": "../../node_modules/.pnpm/rdf-data-factory@2.0.2/node_modules/rdf-data-factory",
      "link": true
    },
    "node_modules/rdf-parse": {
      "resolved": "../../node_modules/.pnpm/rdf-parse@5.0.0/node_modules/rdf-parse",
      "link": true
    },
    "node_modules/rdf-stores": {
      "resolved": "../../node_modules/.pnpm/rdf-stores@2.2.0/node_modules/rdf-stores",
      "link": true
    },
    "node_modules/react": {
      "resolved": "../../node_modules/.pnpm/react@19.2.7/node_modules/react",
      "link": true
    },
    "node_modules/react-dom": {
      "resolved": "../../node_modules/.pnpm/react-dom@19.2.7_react@19.2.7/node_modules/react-dom",
      "link": true
    },
    "node_modules/shacl-engine": {
      "resolved": "../../node_modules/.pnpm/shacl-engine@1.1.2/node_modules/shacl-engine",
      "link": true
    },
    "node_modules/storybook": {
      "resolved": "../../node_modules/.pnpm/storybook@10.4.6_@testing-library+dom@10.4.1_@types+react@19.2.17_prettier@3.9.4_react@_a5f940d17b4315d67e4b598a551f6dab/node_modules/storybook",
      "link": true
    },
    "node_modules/string-to-stream": {
      "resolved": "../../node_modules/.pnpm/string-to-stream@3.0.1/node_modules/string-to-stream",
      "link": true
    },
    "node_modules/typescript": {
      "resolved": "../../node_modules/.pnpm/typescript@6.0.3/node_modules/typescript",
      "link": true
    },
    "node_modules/vite-plus": {
      "resolved": "../../node_modules/.pnpm/vite-plus@0.1.24_@types+node@25.9.5_@vitest+coverage-v8@4.1.10_esbuild@0.28.1_jiti@2.7._2ae071046155186aba0835642cf56462/node_modules/vite-plus",
      "link": true
    },
    "node_modules/vitest": {
      "resolved": "../../node_modules/.pnpm/vitest@4.1.10_@types+node@25.9.5_@vitest+browser-playwright@4.1.10_@vitest+coverage-v8@_48c52312c8e8455d5614a9db9198c770/node_modules/vitest",
      "link": true
    }
  }
}
